
Microsoft Visual Studio Solution File, Format Version 12.00
# Visual Studio Version 17
VisualStudioVersion = 17.11.35219.272
MinimumVisualStudioVersion = 10.0.40219.1
Project("{9A19103F-16F7-4668-BE54-9A1E7A4F7556}") = "BankTransactionProducer", "BankTransactionProducer.csproj", "{14E38662-F754-4D43-B967-07274C35A94C}"
EndProject
Global
	GlobalSection(SolutionConfigurationPlatforms) = preSolution
		Debug|Any CPU = Debug|Any CPU
		Release|Any CPU = Release|Any CPU
	EndGlobalSection
	GlobalSection(ProjectConfigurationPlatforms) = postSolution
		{14E38662-F754-4D43-B967-07274C35A94C}.Debug|Any CPU.ActiveCfg = Debug|Any CPU
		{14E38662-F754-4D43-B967-07274C35A94C}.Debug|Any CPU.Build.0 = Debug|Any CPU
		{14E38662-F754-4D43-B967-07274C35A94C}.Release|Any CPU.ActiveCfg = Release|Any CPU
		{14E38662-F754-4D43-B967-07274C35A94C}.Release|Any CPU.Build.0 = Release|Any CPU
	EndGlobalSection
	GlobalSection(SolutionProperties) = preSolution
		HideSolutionNode = FALSE
	EndGlobalSection
	GlobalSection(ExtensibilityGlobals) = postSolution
		SolutionGuid = {365FF9C0-7EA9-4A96-9BFE-C4E0FFCEA4A1}
	EndGlobalSection
EndGlobal
